// !$*UTF8*$!
{
	archiveVersion = 1;
	classes = {
	};
	objectVersion = 77;
	objects = {

/* Begin PBXContainerItemProxy section */
		BFF98CC02E53838E00E1D4C2 /* PBXContainerItemProxy */ = {
			isa = PBXContainerItemProxy;
			containerPortal = BFF98CAA2E53838D00E1D4C2 /* Project object */;
			proxyType = 1;
			remoteGlobalIDString = BFF98CB12E53838D00E1D4C2;
			remoteInfo = NetworkingTutorial;
		};
		BFF98CCA2E53838E00E1D4C2 /* PBXContainerItemProxy */ = {
			isa = PBXContainerItemProxy;
			containerPortal = BFF98CAA2E53838D00E1D4C2 /* Project object */;
			proxyType = 1;
			remoteGlobalIDString = BFF98CB12E53838D00E1D4C2;
			remoteInfo = NetworkingTutorial;
		};
/* End PBXContainerItemProxy section */

/* Begin PBXFileReference section */
		BFF98CB22E53838D00E1D4C2 /* NetworkingTutorial.app */ = {isa = PBXFileReference; explicitFileType = wrapper.application; includeInIndex = 0; path = NetworkingTutorial.app; sourceTree = BUILT_PRODUCTS_DIR; };
		BFF98CBF2E53838E00E1D4C2 /* NetworkingTutorialTests.xctest */ = {isa = PBXFileReference; explicitFileType = wrapper.cfbundle; includeInIndex = 0; path = NetworkingTutorialTests.xctest; sourceTree = BUILT_PRODUCTS_DIR; };
		BFF98CC92E53838E00E1D4C2 /* NetworkingTutorialUITests.xctest */ = {isa = PBXFileReference; explicitFileType = wrapper.cfbundle; includeInIndex = 0; path = NetworkingTutorialUITests.xctest; sourceTree = BUILT_PRODUCTS_DIR; };
/* End PBXFileReference section */

/* Begin PBXFileSystemSynchronizedRootGroup section */
		BFF98CB42E53838D00E1D4C2 /* NetworkingTutorial */ = {
			isa = PBXFileSystemSynchronizedRootGroup;
			path = NetworkingTutorial;
			sourceTree = "<group>";
		};
		BFF98CC22E53838E00E1D4C2 /* NetworkingTutorialTests */ = {
			isa = PBXFileSystemSynchronizedRootGroup;
			path = NetworkingTutorialTests;
			sourceTree = "<group>";
		};
		BFF98CCC2E53838E00E1D4C2 /* NetworkingTutorialUITests */ = {
			isa = PBXFileSystemSynchronizedRootGroup;
			path = NetworkingTutorialUITests;
			sourceTree = "<group>";
		};
/* End PBXFileSystemSynchronizedRootGroup section */

/* Begin PBXFrameworksBuildPhase section */
		BFF98CAF2E53838D00E1D4C2 /* Frameworks */ = {
			isa = PBXFrameworksBuildPhase;
			buildActionMask = 2147483647;
			files = (
			);
			runOnlyForDeploymentPostprocessing = 0;
		};
		BFF98CBC2E53838E00E1D4C2 /* Frameworks */ = {
			isa = PBXFrameworksBuildPhase;
			buildActionMask = 2147483647;
			files = (
			);
			runOnlyForDeploymentPostprocessing = 0;
		};
		BFF98CC62E53838E00E1D4C2 /* Frameworks */ = {
			isa = PBXFrameworksBuildPhase;
			buildActionMask = 2147483647;
			files = (
			);
			runOnlyForDeploymentPostprocessing = 0;
		};
/* End PBXFrameworksBuildPhase section */

/* Begin PBXGroup section */
		BFF98CA92E53838D00E1D4C2 = {
			isa = PBXGroup;
			children = (
				BFF98CB42E53838D00E1D4C2 /* NetworkingTutorial */,
				BFF98CC22E53838E00E1D4C2 /* NetworkingTutorialTests */,
				BFF98CCC2E53838E00E1D4C2 /* NetworkingTutorialUITests */,
				BFF98CB32E53838D00E1D4C2 /* Products */,
			);
			sourceTree = "<group>";
		};
		BFF98CB32E53838D00E1D4C2 /* Products */ = {
			isa = PBXGroup;
			children = (
				BFF98CB22E53838D00E1D4C2 /* NetworkingTutorial.app */,
				BFF98CBF2E53838E00E1D4C2 /* NetworkingTutorialTests.xctest */,
				BFF98CC92E53838E00E1D4C2 /* NetworkingTutorialUITests.xctest */,
			);
			name = Products;
			sourceTree = "<group>";
		};
/* End PBXGroup section */

/* Begin PBXNativeTarget section */
		BFF98CB12E53838D00E1D4C2 /* NetworkingTutorial */ = {
			isa = PBXNativeTarget;
			buildConfigurationList = BFF98CD32E53838E00E1D4C2 /* Build configuration list for PBXNativeTarget "NetworkingTutorial" */;
			buildPhases = (
				BFF98CAE2E53838D00E1D4C2 /* Sources */,
				BFF98CAF2E53838D00E1D4C2 /* Frameworks */,
				BFF98CB02E53838D00E1D4C2 /* Resources */,
			);
			buildRules = (
			);
			dependencies = (
			);
			fileSystemSynchronizedGroups = (
				BFF98CB42E53838D00E1D4C2 /* NetworkingTutorial */,
			);
			name = NetworkingTutorial;
			packageProductDependencies = (
			);
			productName = NetworkingTutorial;
			productReference = BFF98CB22E53838D00E1D4C2 /* NetworkingTutorial.app */;
			productType = "com.apple.product-type.application";
		};
		BFF98CBE2E53838E00E1D4C2 /* NetworkingTutorialTests */ = {
			isa = PBXNativeTarget;
			buildConfigurationList = BFF98CD62E53838E00E1D4C2 /* Build configuration list for PBXNativeTarget "NetworkingTutorialTests" */;
			buildPhases = (
				BFF98CBB2E53838E00E1D4C2 /* Sources */,
				BFF98CBC2E53838E00E1D4C2 /* Frameworks */,
				BFF98CBD2E53838E00E1D4C2 /* Resources */,
			);
			buildRules = (
			);
			dependencies = (
				BFF98CC12E53838E00E1D4C2 /* PBXTargetDependency */,
			);
			fileSystemSynchronizedGroups = (
				BFF98CC22E53838E00E1D4C2 /* NetworkingTutorialTests */,
			);
			name = NetworkingTutorialTests;
			packageProductDependencies = (
			);
			productName = NetworkingTutorialTests;
			productReference = BFF98CBF2E53838E00E1D4C2 /* NetworkingTutorialTests.xctest */;
			productType = "com.apple.product-type.bundle.unit-test";
		};
		BFF98CC82E53838E00E1D4C2 /* NetworkingTutorialUITests */ = {
			isa = PBXNativeTarget;
			buildConfigurationList = BFF98CD92E53838E00E1D4C2 /* Build configuration list for PBXNativeTarget "NetworkingTutorialUITests" */;
			buildPhases = (
				BFF98CC52E53838E00E1D4C2 /* Sources */,
				BFF98CC62E53838E00E1D4C2 /* Frameworks */,
				BFF98CC72E53838E00E1D4C2 /* Resources */,
			);
			buildRules = (
			);
			dependencies = (
				BFF98CCB2E53838E00E1D4C2 /* PBXTargetDependency */,
			);
			fileSystemSynchronizedGroups = (
				BFF98CCC2E53838E00E1D4C2 /* NetworkingTutorialUITests */,
			);
			name = NetworkingTutorialUITests;
			packageProductDependencies = (
			);
			productName = NetworkingTutorialUITests;
			productReference = BFF98CC92E53838E00E1D4C2 /* NetworkingTutorialUITests.xctest */;
			productType = "com.apple.product-type.bundle.ui-testing";
		};
/* End PBXNativeTarget section */

/* Begin PBXProject section */
		BFF98CAA2E53838D00E1D4C2 /* Project object */ = {
			isa = PBXProject;
			attributes = {
				BuildIndependentTargetsInParallel = 1;
				LastSwiftUpdateCheck = 1640;
				LastUpgradeCheck = 1640;
				TargetAttributes = {
					BFF98CB12E53838D00E1D4C2 = {
						CreatedOnToolsVersion = 16.4;
					};
					BFF98CBE2E53838E00E1D4C2 = {
						CreatedOnToolsVersion = 16.4;
						TestTargetID = BFF98CB12E53838D00E1D4C2;
					};
					BFF98CC82E53838E00E1D4C2 = {
						CreatedOnToolsVersion = 16.4;
						TestTargetID = BFF98CB12E53838D00E1D4C2;
					};
				};
			};
			buildConfigurationList = BFF98CAD2E53838D00E1D4C2 /* Build configuration list for PBXProject "NetworkingTutorial" */;
			developmentRegion = en;
			hasScannedForEncodings = 0;
			knownRegions = (
				en,
				Base,
			);
			mainGroup = BFF98CA92E53838D00E1D4C2;
			minimizedProjectReferenceProxies = 1;
			preferredProjectObjectVersion = 77;
			productRefGroup = BFF98CB32E53838D00E1D4C2 /* Products */;
			projectDirPath = "";
			projectRoot = "";
			targets = (
				BFF98CB12E53838D00E1D4C2 /* NetworkingTutorial */,
				BFF98CBE2E53838E00E1D4C2 /* NetworkingTutorialTests */,
				BFF98CC82E53838E00E1D4C2 /* NetworkingTutorialUITests */,
			);
		};
/* End PBXProject section */

/* Begin PBXResourcesBuildPhase section */
		BFF98CB02E53838D00E1D4C2 /* Resources */ = {
			isa = PBXResourcesBuildPhase;
			buildActionMask = 2147483647;
			files = (
			);
			runOnlyForDeploymentPostprocessing = 0;
		};
		BFF98CBD2E53838E00E1D4C2 /* Resources */ = {
			isa = PBXResourcesBuildPhase;
			buildActionMask = 2147483647;
			files = (
			);
			runOnlyForDeploymentPostprocessing = 0;
		};
		BFF98CC72E53838E00E1D4C2 /* Resources */ = {
			isa = PBXResourcesBuildPhase;
			buildActionMask = 2147483647;
			files = (
			);
			runOnlyForDeploymentPostprocessing = 0;
		};
/* End PBXResourcesBuildPhase section */

/* Begin PBXSourcesBuildPhase section */
		BFF98CAE2E53838D00E1D4C2 /* Sources */ = {
			isa = PBXSourcesBuildPhase;
			buildActionMask = 2147483647;
			files = (
			);
			runOnlyForDeploymentPostprocessing = 0;
		};
		BFF98CBB2E53838E00E1D4C2 /* Sources */ = {
			isa = PBXSourcesBuildPhase;
			buildActionMask = 2147483647;
			files = (
			);
			runOnlyForDeploymentPostprocessing = 0;
		};
		BFF98CC52E53838E00E1D4C2 /* Sources */ = {
			isa = PBXSourcesBuildPhase;
			buildActionMask = 2147483647;
			files = (
			);
			runOnlyForDeploymentPostprocessing = 0;
		};
/* End PBXSourcesBuildPhase section */

/* Begin PBXTargetDependency section */
		BFF98CC12E53838E00E1D4C2 /* PBXTargetDependency */ = {
			isa = PBXTargetDependency;
			target = BFF98CB12E53838D00E1D4C2 /* NetworkingTutorial */;
			targetProxy = BFF98CC02E53838E00E1D4C2 /* PBXContainerItemProxy */;
		};
		BFF98CCB2E53838E00E1D4C2 /* PBXTargetDependency */ = {
			isa = PBXTargetDependency;
			target = BFF98CB12E53838D00E1D4C2 /* NetworkingTutorial */;
			targetProxy = BFF98CCA2E53838E00E1D4C2 /* PBXContainerItemProxy */;
		};
/* End PBXTargetDependency section */

/* Begin XCBuildConfiguration section */
		BFF98CD12E53838E00E1D4C2 /* Debug */ = {
			isa = XCBuildConfiguration;
			buildSettings = {
				ALWAYS_SEARCH_USER_PATHS = NO;
				ASSETCATALOG_COMPILER_GENERATE_SWIFT_ASSET_SYMBOL_EXTENSIONS = YES;
				CLANG_ANALYZER_NONNULL = YES;
				CLANG_ANALYZER_NUMBER_OBJECT_CONVERSION = YES_AGGRESSIVE;
				CLANG_CXX_LANGUAGE_STANDARD = "gnu++20";
				CLANG_ENABLE_MODULES = YES;
				CLANG_ENABLE_OBJC_ARC = YES;
				CLANG_ENABLE_OBJC_WEAK = YES;
				CLANG_WARN_BLOCK_CAPTURE_AUTORELEASING = YES;
				CLANG_WARN_BOOL_CONVERSION = YES;
				CLANG_WARN_COMMA = YES;
				CLANG_WARN_CONSTANT_CONVERSION = YES;
				CLANG_WARN_DEPRECATED_OBJC_IMPLEMENTATIONS = YES;
				CLANG_WARN_DIRECT_OBJC_ISA_USAGE = YES_ERROR;
				CLANG_WARN_DOCUMENTATION_COMMENTS = YES;
				CLANG_WARN_EMPTY_BODY = YES;
				CLANG_WARN_ENUM_CONVERSION = YES;
				CLANG_WARN_INFINITE_RECURSION = YES;
				CLANG_WARN_INT_CONVERSION = YES;
				CLANG_WARN_NON_LITERAL_NULL_CONVERSION = YES;
				CLANG_WARN_OBJC_IMPLICIT_RETAIN_SELF = YES;
				CLANG_WARN_OBJC_LITERAL_CONVERSION = YES;
				CLANG_WARN_OBJC_ROOT_CLASS = YES_ERROR;
				CLANG_WARN_QUOTED_INCLUDE_IN_FRAMEWORK_HEADER = YES;
				CLANG_WARN_RANGE_LOOP_ANALYSIS = YES;
				CLANG_WARN_STRICT_PROTOTYPES = YES;
				CLANG_WARN_SUSPICIOUS_MOVE = YES;
				CLANG_WARN_UNGUARDED_AVAILABILITY = YES_AGGRESSIVE;
				CLANG_WARN_UNREACHABLE_CODE = YES;
				CLANG_WARN__DUPLICATE_METHOD_MATCH = YES;
				COPY_PHASE_STRIP = NO;
				DEBUG_INFORMATION_FORMAT = dwarf;
				ENABLE_STRICT_OBJC_MSGSEND = YES;
				ENABLE_TESTABILITY = YES;
				ENABLE_USER_SCRIPT_SANDBOXING = YES;
				GCC_C_LANGUAGE_STANDARD = gnu17;
				GCC_DYNAMIC_NO_PIC = NO;
				GCC_NO_COMMON_BLOCKS = YES;
				GCC_OPTIMIZATION_LEVEL = 0;
				GCC_PREPROCESSOR_DEFINITIONS = (
					"DEBUG=1",
					"$(inherited)",
				);
				GCC_WARN_64_TO_32_BIT_CONVERSION = YES;
				GCC_WARN_ABOUT_RETURN_TYPE = YES_ERROR;
				GCC_WARN_UNDECLARED_SELECTOR = YES;
				GCC_WARN_UNINITIALIZED_AUTOS = YES_AGGRESSIVE;
				GCC_WARN_UNUSED_FUNCTION = YES;
				GCC_WARN_UNUSED_VARIABLE = YES;
				IPHONEOS_DEPLOYMENT_TARGET = 18.5;
				LOCALIZATION_PREFERS_STRING_CATALOGS = YES;
				MTL_ENABLE_DEBUG_INFO = INCLUDE_SOURCE;
				MTL_FAST_MATH = YES;
				ONLY_ACTIVE_ARCH = YES;
				SDKROOT = iphoneos;
				SWIFT_ACTIVE_COMPILATION_CONDITIONS = "DEBUG $(inherited)";
				SWIFT_OPTIMIZATION_LEVEL = "-Onone";
			};
			name = Debug;
		};
		BFF98CD22E53838E00E1D4C2 /* Release */ = {
			isa = XCBuildConfiguration;
			buildSettings = {
				ALWAYS_SEARCH_USER_PATHS = NO;
				ASSETCATALOG_COMPILER_GENERATE_SWIFT_ASSET_SYMBOL_EXTENSIONS = YES;
				CLANG_ANALYZER_NONNULL = YES;
				CLANG_ANALYZER_NUMBER_OBJECT_CONVERSION = YES_AGGRESSIVE;
				CLANG_CXX_LANGUAGE_STANDARD = "gnu++20";
				CLANG_ENABLE_MODULES = YES;
				CLANG_ENABLE_OBJC_ARC = YES;
				CLANG_ENABLE_OBJC_WEAK = YES;
				CLANG_WARN_BLOCK_CAPTURE_AUTORELEASING = YES;
				CLANG_WARN_BOOL_CONVERSION = YES;
				CLANG_WARN_COMMA = YES;
				CLANG_WARN_CONSTANT_CONVERSION = YES;
				CLANG_WARN_DEPRECATED_OBJC_IMPLEMENTATIONS = YES;
				CLANG_WARN_DIRECT_OBJC_ISA_USAGE = YES_ERROR;
				CLANG_WARN_DOCUMENTATION_COMMENTS = YES;
				CLANG_WARN_EMPTY_BODY = YES;
				CLANG_WARN_ENUM_CONVERSION = YES;
				CLANG_WARN_INFINITE_RECURSION = YES;
				CLANG_WARN_INT_CONVERSION = YES;
				CLANG_WARN_NON_LITERAL_NULL_CONVERSION = YES;
				CLANG_WARN_OBJC_IMPLICIT_RETAIN_SELF = YES;
				CLANG_WARN_OBJC_LITERAL_CONVERSION = YES;
				CLANG_WARN_OBJC_ROOT_CLASS = YES_ERROR;
				CLANG_WARN_QUOTED_INCLUDE_IN_FRAMEWORK_HEADER = YES;
				CLANG_WARN_RANGE_LOOP_ANALYSIS = YES;
				CLANG_WARN_STRICT_PROTOTYPES = YES;
				CLANG_WARN_SUSPICIOUS_MOVE = YES;
				CLANG_WARN_UNGUARDED_AVAILABILITY = YES_AGGRESSIVE;
				CLANG_WARN_UNREACHABLE_CODE = YES;
				CLANG_WARN__DUPLICATE_METHOD_MATCH = YES;
				COPY_PHASE_STRIP = NO;
				DEBUG_INFORMATION_FORMAT = "dwarf-with-dsym";
				ENABLE_NS_ASSERTIONS = NO;
				ENABLE_STRICT_OBJC_MSGSEND = YES;
				ENABLE_USER_SCRIPT_SANDBOXING = YES;
				GCC_C_LANGUAGE_STANDARD = gnu17;
				GCC_NO_COMMON_BLOCKS = YES;
				GCC_WARN_64_TO_32_BIT_CONVERSION = YES;
				GCC_WARN_ABOUT_RETURN_TYPE = YES_ERROR;
				GCC_WARN_UNDECLARED_SELECTOR = YES;
				GCC_WARN_UNINITIALIZED_AUTOS = YES_AGGRESSIVE;
				GCC_WARN_UNUSED_FUNCTION = YES;
				GCC_WARN_UNUSED_VARIABLE = YES;
				IPHONEOS_DEPLOYMENT_TARGET = 18.5;
				LOCALIZATION_PREFERS_STRING_CATALOGS = YES;
				MTL_ENABLE_DEBUG_INFO = NO;
				MTL_FAST_MATH = YES;
				SDKROOT = iphoneos;
				SWIFT_COMPILATION_MODE = wholemodule;
				VALIDATE_PRODUCT = YES;
			};
			name = Release;
		};
		BFF98CD42E53838E00E1D4C2 /* Debug */ = {
			isa = XCBuildConfiguration;
			buildSettings = {
				ASSETCATALOG_COMPILER_APPICON_NAME = AppIcon;
				ASSETCATALOG_COMPILER_GLOBAL_ACCENT_COLOR_NAME = AccentColor;
				CODE_SIGN_STYLE = Automatic;
				CURRENT_PROJECT_VERSION = 1;
				ENABLE_PREVIEWS = YES;
				GENERATE_INFOPLIST_FILE = YES;
				INFOPLIST_KEY_UIApplicationSceneManifest_Generation = YES;
				INFOPLIST_KEY_UIApplicationSupportsIndirectInputEvents = YES;
				INFOPLIST_KEY_UILaunchScreen_Generation = YES;
				INFOPLIST_KEY_UISupportedInterfaceOrientations_iPad = "UIInterfaceOrientationPortrait UIInterfaceOrientationPortraitUpsideDown UIInterfaceOrientationLandscapeLeft UIInterfaceOrientationLandscapeRight";
				INFOPLIST_KEY_UISupportedInterfaceOrientations_iPhone = "UIInterfaceOrientationPortrait UIInterfaceOrientationLandscapeLeft UIInterfaceOrientationLandscapeRight";
				LD_RUNPATH_SEARCH_PATHS = (
					"$(inherited)",
					"@executable_path/Frameworks",
				);
				MARKETING_VERSION = 1.0;
				PRODUCT_BUNDLE_IDENTIFIER = com.yash.NetworkingTutorial;
				PRODUCT_NAME = "$(TARGET_NAME)";
				SWIFT_EMIT_LOC_STRINGS = YES;
				SWIFT_VERSION = 5.0;
				TARGETED_DEVICE_FAMILY = "1,2";
			};
			name = Debug;
		};
		BFF98CD52E53838E00E1D4C2 /* Release */ = {
			isa = XCBuildConfiguration;
			buildSettings = {
				ASSETCATALOG_COMPILER_APPICON_NAME = AppIcon;
				ASSETCATALOG_COMPILER_GLOBAL_ACCENT_COLOR_NAME = AccentColor;
				CODE_SIGN_STYLE = Automatic;
				CURRENT_PROJECT_VERSION = 1;
				ENABLE_PREVIEWS = YES;
				GENERATE_INFOPLIST_FILE = YES;
				INFOPLIST_KEY_UIApplicationSceneManifest_Generation = YES;
				INFOPLIST_KEY_UIApplicationSupportsIndirectInputEvents = YES;
				INFOPLIST_KEY_UILaunchScreen_Generation = YES;
				INFOPLIST_KEY_UISupportedInterfaceOrientations_iPad = "UIInterfaceOrientationPortrait UIInterfaceOrientationPortraitUpsideDown UIInterfaceOrientationLandscapeLeft UIInterfaceOrientationLandscapeRight";
				INFOPLIST_KEY_UISupportedInterfaceOrientations_iPhone = "UIInterfaceOrientationPortrait UIInterfaceOrientationLandscapeLeft UIInterfaceOrientationLandscapeRight";
				LD_RUNPATH_SEARCH_PATHS = (
					"$(inherited)",
					"@executable_path/Frameworks",
				);
				MARKETING_VERSION = 1.0;
				PRODUCT_BUNDLE_IDENTIFIER = com.yash.NetworkingTutorial;
				PRODUCT_NAME = "$(TARGET_NAME)";
				SWIFT_EMIT_LOC_STRINGS = YES;
				SWIFT_VERSION = 5.0;
				TARGETED_DEVICE_FAMILY = "1,2";
			};
			name = Release;
		};
		BFF98CD72E53838E00E1D4C2 /* Debug */ = {
			isa = XCBuildConfiguration;
			buildSettings = {
				BUNDLE_LOADER = "$(TEST_HOST)";
				CODE_SIGN_STYLE = Automatic;
				CURRENT_PROJECT_VERSION = 1;
				GENERATE_INFOPLIST_FILE = YES;
				IPHONEOS_DEPLOYMENT_TARGET = 18.5;
				MARKETING_VERSION = 1.0;
				PRODUCT_BUNDLE_IDENTIFIER = com.yash.NetworkingTutorialTests;
				PRODUCT_NAME = "$(TARGET_NAME)";
				SWIFT_EMIT_LOC_STRINGS = NO;
				SWIFT_VERSION = 5.0;
				TARGETED_DEVICE_FAMILY = "1,2";
				TEST_HOST = "$(BUILT_PRODUCTS_DIR)/NetworkingTutorial.app/$(BUNDLE_EXECUTABLE_FOLDER_PATH)/NetworkingTutorial";
			};
			name = Debug;
		};
		BFF98CD82E53838E00E1D4C2 /* Release */ = {
			isa = XCBuildConfiguration;
			buildSettings = {
				BUNDLE_LOADER = "$(TEST_HOST)";
				CODE_SIGN_STYLE = Automatic;
				CURRENT_PROJECT_VERSION = 1;
				GENERATE_INFOPLIST_FILE = YES;
				IPHONEOS_DEPLOYMENT_TARGET = 18.5;
				MARKETING_VERSION = 1.0;
				PRODUCT_BUNDLE_IDENTIFIER = com.yash.NetworkingTutorialTests;
				PRODUCT_NAME = "$(TARGET_NAME)";
				SWIFT_EMIT_LOC_STRINGS = NO;
				SWIFT_VERSION = 5.0;
				TARGETED_DEVICE_FAMILY = "1,2";
				TEST_HOST = "$(BUILT_PRODUCTS_DIR)/NetworkingTutorial.app/$(BUNDLE_EXECUTABLE_FOLDER_PATH)/NetworkingTutorial";
			};
			name = Release;
		};
		BFF98CDA2E53838E00E1D4C2 /* Debug */ = {
			isa = XCBuildConfiguration;
			buildSettings = {
				CODE_SIGN_STYLE = Automatic;
				CURRENT_PROJECT_VERSION = 1;
				GENERATE_INFOPLIST_FILE = YES;
				MARKETING_VERSION = 1.0;
				PRODUCT_BUNDLE_IDENTIFIER = com.yash.NetworkingTutorialUITests;
				PRODUCT_NAME = "$(TARGET_NAME)";
				SWIFT_EMIT_LOC_STRINGS = NO;
				SWIFT_VERSION = 5.0;
				TARGETED_DEVICE_FAMILY = "1,2";
				TEST_TARGET_NAME = NetworkingTutorial;
			};
			name = Debug;
		};
		BFF98CDB2E53838E00E1D4C2 /* Release */ = {
			isa = XCBuildConfiguration;
			buildSettings = {
				CODE_SIGN_STYLE = Automatic;
				CURRENT_PROJECT_VERSION = 1;
				GENERATE_INFOPLIST_FILE = YES;
				MARKETING_VERSION = 1.0;
				PRODUCT_BUNDLE_IDENTIFIER = com.yash.NetworkingTutorialUITests;
				PRODUCT_NAME = "$(TARGET_NAME)";
				SWIFT_EMIT_LOC_STRINGS = NO;
				SWIFT_VERSION = 5.0;
				TARGETED_DEVICE_FAMILY = "1,2";
				TEST_TARGET_NAME = NetworkingTutorial;
			};
			name = Release;
		};
/* End XCBuildConfiguration section */

/* Begin XCConfigurationList section */
		BFF98CAD2E53838D00E1D4C2 /* Build configuration list for PBXProject "NetworkingTutorial" */ = {
			isa = XCConfigurationList;
			buildConfigurations = (
				BFF98CD12E53838E00E1D4C2 /* Debug */,
				BFF98CD22E53838E00E1D4C2 /* Release */,
			);
			defaultConfigurationIsVisible = 0;
			defaultConfigurationName = Release;
		};
		BFF98CD32E53838E00E1D4C2 /* Build configuration list for PBXNativeTarget "NetworkingTutorial" */ = {
			isa = XCConfigurationList;
			buildConfigurations = (
				BFF98CD42E53838E00E1D4C2 /* Debug */,
				BFF98CD52E53838E00E1D4C2 /* Release */,
			);
			defaultConfigurationIsVisible = 0;
			defaultConfigurationName = Release;
		};
		BFF98CD62E53838E00E1D4C2 /* Build configuration list for PBXNativeTarget "NetworkingTutorialTests" */ = {
			isa = XCConfigurationList;
			buildConfigurations = (
				BFF98CD72E53838E00E1D4C2 /* Debug */,
				BFF98CD82E53838E00E1D4C2 /* Release */,
			);
			defaultConfigurationIsVisible = 0;
			defaultConfigurationName = Release;
		};
		BFF98CD92E53838E00E1D4C2 /* Build configuration list for PBXNativeTarget "NetworkingTutorialUITests" */ = {
			isa = XCConfigurationList;
			buildConfigurations = (
				BFF98CDA2E53838E00E1D4C2 /* Debug */,
				BFF98CDB2E53838E00E1D4C2 /* Release */,
			);
			defaultConfigurationIsVisible = 0;
			defaultConfigurationName = Release;
		};
/* End XCConfigurationList section */
	};
	rootObject = BFF98CAA2E53838D00E1D4C2 /* Project object */;
}
